
Microsoft Visual Studio Solution File, Format Version 12.00
# Visual Studio Version 16
VisualStudioVersion = 16.0.33328.57
MinimumVisualStudioVersion = 10.0.40219.1
Project("{FAE04EC0-301F-11D3-BF4B-00C04F79EFBC}") = "AppointwellApi", "AppointwellApi.csproj", "{340D2279-3E60-4729-9AE0-9F045F43C9B1}"
EndProject
Project("{FAE04EC0-301F-11D3-BF4B-00C04F79EFBC}") = "AppointwellApi.Tests", "..\AppointwellApi.Tests\AppointwellApi.Tests.csproj", "{5BE732C5-27C1-4AAB-BEFE-2377BBAC589D}"
EndProject
Global
	GlobalSection(SolutionConfigurationPlatforms) = preSolution
		Debug|Any CPU = Debug|Any CPU
		Release|Any CPU = Release|Any CPU
	EndGlobalSection
	GlobalSection(ProjectConfigurationPlatforms) = postSolution
		{340D2279-3E60-4729-9AE0-9F045F43C9B1}.Debug|Any CPU.ActiveCfg = Debug|Any CPU
		{340D2279-3E60-4729-9AE0-9F045F43C9B1}.Debug|Any CPU.Build.0 = Debug|Any CPU
		{340D2279-3E60-4729-9AE0-9F045F43C9B1}.Release|Any CPU.ActiveCfg = Release|Any CPU
		{340D2279-3E60-4729-9AE0-9F045F43C9B1}.Release|Any CPU.Build.0 = Release|Any CPU
		{5BE732C5-27C1-4AAB-BEFE-2377BBAC589D}.Debug|Any CPU.ActiveCfg = Debug|Any CPU
		{5BE732C5-27C1-4AAB-BEFE-2377BBAC589D}.Debug|Any CPU.Build.0 = Debug|Any CPU
		{5BE732C5-27C1-4AAB-BEFE-2377BBAC589D}.Release|Any CPU.ActiveCfg = Release|Any CPU
		{5BE732C5-27C1-4AAB-BEFE-2377BBAC589D}.Release|Any CPU.Build.0 = Release|Any CPU
	EndGlobalSection
	GlobalSection(SolutionProperties) = preSolution
		HideSolutionNode = FALSE
	EndGlobalSection
	GlobalSection(ExtensibilityGlobals) = postSolution
		SolutionGuid = {00677037-738A-42FA-9983-00FD9188697D}
	EndGlobalSection
EndGlobal
